PODS:
  - CocoaAsyncSocket (7.6.3)
  - OSCKit (0.3.5):
    - CocoaAsyncSocket (~> 7.3)
  - SwiftyJSON (5.0.0)

DEPENDENCIES:
  - OSCKit
  - SwiftyJSON

SPEC REPOS:
  https://github.com/cocoapods/specs.git:
    - CocoaAsyncSocket
    - OSCKit
    - SwiftyJSON

SPEC CHECKSUMS:
  CocoaAsyncSocket: eafaa68a7e0ec99ead0a7b35015e0bf25d2c8987
  OSCKit: 4470dbd30bc792dcf66dc4e7b5d1ec7174add33c
  SwiftyJSON: 36413e04c44ee145039d332b4f4e2d3e8d6c4db7

PODFILE CHECKSUM: 8b508a4d3d5a692583b521a1a111f4c4461dac65

COCOAPODS: 1.6.1
